
Microsoft Visual Studio Solution File, Format Version 12.00
# Visual Studio Version 16
VisualStudioVersion = 16.0.31424.327
MinimumVisualStudioVersion = 10.0.40219.1
Project("{FAE04EC0-301F-11D3-BF4B-00C04F79EFBC}") = "ConversoDeMoedas1", "ConversoDeMoedas1\ConversoDeMoedas1.csproj", "{3E1DE873-95E1-4D55-B447-031D22C76FBC}"
EndProject
Global
	GlobalSection(SolutionConfigurationPlatforms) = preSolution
		Debug|Any CPU = Debug|Any CPU
		Release|Any CPU = Release|Any CPU
	EndGlobalSection
	GlobalSection(ProjectConfigurationPlatforms) = postSolution
		{3E1DE873-95E1-4D55-B447-031D22C76FBC}.Debug|Any CPU.ActiveCfg = Debug|Any CPU
		{3E1DE873-95E1-4D55-B447-031D22C76FBC}.Debug|Any CPU.Build.0 = Debug|Any CPU
		{3E1DE873-95E1-4D55-B447-031D22C76FBC}.Release|Any CPU.ActiveCfg = Release|Any CPU
		{3E1DE873-95E1-4D55-B447-031D22C76FBC}.Release|Any CPU.Build.0 = Release|Any CPU
	EndGlobalSection
	GlobalSection(SolutionProperties) = preSolution
		HideSolutionNode = FALSE
	EndGlobalSection
	GlobalSection(ExtensibilityGlobals) = postSolution
		SolutionGuid = {BF5233A7-EB38-4CAA-82B2-856A6063D5C8}
	EndGlobalSection
EndGlobal
